
Microsoft Visual Studio Solution File, Format Version 12.00
# Visual Studio Version 16
VisualStudioVersion = 16.0.29920.165
MinimumVisualStudioVersion = 10.0.40219.1
Project("{FAE04EC0-301F-11D3-BF4B-00C04F79EFBC}") = "NetCoreWepApp", "NetCoreWepApp\NetCoreWepApp.csproj", "{6420792E-F64B-4E6D-89D1-6ED665ECE857}"
EndProject
Global
	GlobalSection(SolutionConfigurationPlatforms) = preSolution
		Debug|Any CPU = Debug|Any CPU
		Release|Any CPU = Release|Any CPU
	EndGlobalSection
	GlobalSection(ProjectConfigurationPlatforms) = postSolution
		{6420792E-F64B-4E6D-89D1-6ED665ECE857}.Debug|Any CPU.ActiveCfg = Debug|Any CPU
		{6420792E-F64B-4E6D-89D1-6ED665ECE857}.Debug|Any CPU.Build.0 = Debug|Any CPU
		{6420792E-F64B-4E6D-89D1-6ED665ECE857}.Release|Any CPU.ActiveCfg = Release|Any CPU
		{6420792E-F64B-4E6D-89D1-6ED665ECE857}.Release|Any CPU.Build.0 = Release|Any CPU
	EndGlobalSection
	GlobalSection(SolutionProperties) = preSolution
		HideSolutionNode = FALSE
	EndGlobalSection
	GlobalSection(ExtensibilityGlobals) = postSolution
		SolutionGuid = {544C37A6-D34E-4930-ACFF-070625532BC8}
	EndGlobalSection
EndGlobal
